
Microsoft Visual Studio Solution File, Format Version 12.00
Project("{FAE04EC0-301F-11D3-BF4B-00C04F79EFBC}") = "CloudSharp.Api", "src\CloudSharp.Api\CloudSharp.Api.csproj", "{76FDBC09-DBF7-413D-A35D-FC1830C613D0}"
EndProject
Project("{FAE04EC0-301F-11D3-BF4B-00C04F79EFBC}") = "CloudSharp.Share", "src\CloudSharp.Share\CloudSharp.Share.csproj", "{1BC7C650-480B-483F-A856-A37EA044686E}"
EndProject
Project("{2150E333-8FDC-42A3-9474-1A3956D46DE8}") = "src", "src", "{EB0D6EAE-1F0A-4F78-9105-29C17E452CEA}"
EndProject
Project("{2150E333-8FDC-42A3-9474-1A3956D46DE8}") = "test", "test", "{BC4AD54A-2398-49D6-849F-268F60DBB40C}"
EndProject
Project("{FAE04EC0-301F-11D3-BF4B-00C04F79EFBC}") = "CloudSharp.Api.Test", "test\CloudSharp.Api.Test\CloudSharp.Api.Test.csproj", "{19EA61F5-FE05-44B3-ABD2-0EE72166BED5}"
EndProject
Project("{2150E333-8FDC-42A3-9474-1A3956D46DE8}") = "migration", "migration", "{A2BD4169-DEC3-498F-8B64-5B0A7CAE6D15}"
EndProject
Project("{FAE04EC0-301F-11D3-BF4B-00C04F79EFBC}") = "CloudSharp.Migraition", "CloudSharp.Migraition\CloudSharp.Migraition.csproj", "{CBDBF727-6894-4C0C-A392-6C8907936822}"
EndProject
Global
	GlobalSection(SolutionConfigurationPlatforms) = preSolution
		Debug|Any CPU = Debug|Any CPU
		Release|Any CPU = Release|Any CPU
	EndGlobalSection
	GlobalSection(ProjectConfigurationPlatforms) = postSolution
		{76FDBC09-DBF7-413D-A35D-FC1830C613D0}.Debug|Any CPU.ActiveCfg = Debug|Any CPU
		{76FDBC09-DBF7-413D-A35D-FC1830C613D0}.Debug|Any CPU.Build.0 = Debug|Any CPU
		{76FDBC09-DBF7-413D-A35D-FC1830C613D0}.Release|Any CPU.ActiveCfg = Release|Any CPU
		{76FDBC09-DBF7-413D-A35D-FC1830C613D0}.Release|Any CPU.Build.0 = Release|Any CPU
		{1BC7C650-480B-483F-A856-A37EA044686E}.Debug|Any CPU.ActiveCfg = Debug|Any CPU
		{1BC7C650-480B-483F-A856-A37EA044686E}.Debug|Any CPU.Build.0 = Debug|Any CPU
		{1BC7C650-480B-483F-A856-A37EA044686E}.Release|Any CPU.ActiveCfg = Release|Any CPU
		{1BC7C650-480B-483F-A856-A37EA044686E}.Release|Any CPU.Build.0 = Release|Any CPU
		{19EA61F5-FE05-44B3-ABD2-0EE72166BED5}.Debug|Any CPU.ActiveCfg = Debug|Any CPU
		{19EA61F5-FE05-44B3-ABD2-0EE72166BED5}.Debug|Any CPU.Build.0 = Debug|Any CPU
		{19EA61F5-FE05-44B3-ABD2-0EE72166BED5}.Release|Any CPU.ActiveCfg = Release|Any CPU
		{19EA61F5-FE05-44B3-ABD2-0EE72166BED5}.Release|Any CPU.Build.0 = Release|Any CPU
		{CBDBF727-6894-4C0C-A392-6C8907936822}.Debug|Any CPU.ActiveCfg = Debug|Any CPU
		{CBDBF727-6894-4C0C-A392-6C8907936822}.Debug|Any CPU.Build.0 = Debug|Any CPU
		{CBDBF727-6894-4C0C-A392-6C8907936822}.Release|Any CPU.ActiveCfg = Release|Any CPU
		{CBDBF727-6894-4C0C-A392-6C8907936822}.Release|Any CPU.Build.0 = Release|Any CPU
	EndGlobalSection
	GlobalSection(NestedProjects) = preSolution
		{76FDBC09-DBF7-413D-A35D-FC1830C613D0} = {EB0D6EAE-1F0A-4F78-9105-29C17E452CEA}
		{1BC7C650-480B-483F-A856-A37EA044686E} = {EB0D6EAE-1F0A-4F78-9105-29C17E452CEA}
		{19EA61F5-FE05-44B3-ABD2-0EE72166BED5} = {BC4AD54A-2398-49D6-849F-268F60DBB40C}
		{CBDBF727-6894-4C0C-A392-6C8907936822} = {A2BD4169-DEC3-498F-8B64-5B0A7CAE6D15}
	EndGlobalSection
EndGlobal
