
Microsoft Visual Studio Solution File, Format Version 12.00
Project("{FAE04EC0-301F-11D3-BF4B-00C04F79EFBC}") = "CloudSharp.Api", "CloudSharp.Api\CloudSharp.Api.csproj", "{76FDBC09-DBF7-413D-A35D-FC1830C613D0}"
EndProject
Project("{FAE04EC0-301F-11D3-BF4B-00C04F79EFBC}") = "CloudSharp.Share", "CloudSharp.Share\CloudSharp.Share.csproj", "{1BC7C650-480B-483F-A856-A37EA044686E}"
EndProject
Global
	GlobalSection(SolutionConfigurationPlatforms) = preSolution
		Debug|Any CPU = Debug|Any CPU
		Release|Any CPU = Release|Any CPU
	EndGlobalSection
	GlobalSection(ProjectConfigurationPlatforms) = postSolution
		{76FDBC09-DBF7-413D-A35D-FC1830C613D0}.Debug|Any CPU.ActiveCfg = Debug|Any CPU
		{76FDBC09-DBF7-413D-A35D-FC1830C613D0}.Debug|Any CPU.Build.0 = Debug|Any CPU
		{76FDBC09-DBF7-413D-A35D-FC1830C613D0}.Release|Any CPU.ActiveCfg = Release|Any CPU
		{76FDBC09-DBF7-413D-A35D-FC1830C613D0}.Release|Any CPU.Build.0 = Release|Any CPU
		{1BC7C650-480B-483F-A856-A37EA044686E}.Debug|Any CPU.ActiveCfg = Debug|Any CPU
		{1BC7C650-480B-483F-A856-A37EA044686E}.Debug|Any CPU.Build.0 = Debug|Any CPU
		{1BC7C650-480B-483F-A856-A37EA044686E}.Release|Any CPU.ActiveCfg = Release|Any CPU
		{1BC7C650-480B-483F-A856-A37EA044686E}.Release|Any CPU.Build.0 = Release|Any CPU
	EndGlobalSection
EndGlobal
